// !$*UTF8*$!
{
	archiveVersion = 1;
	classes = {
	};
	objectVersion = 50;
	objects = {

/* Begin PBXBuildFile section */
		DD0752C5267E14690098EB81 /* Tests_iOS.swift in Sources */ = {isa = PBXBuildFile; fileRef = DD0752C4267E14690098EB81 /* Tests_iOS.swift */; };
		DD0752D2267E14690098EB81 /* DocOPDApp.swift in Sources */ = {isa = PBXBuildFile; fileRef = DD0752A9267E14660098EB81 /* DocOPDApp.swift */; };
		DD0752D3267E14690098EB81 /* DocOPDApp.swift in Sources */ = {isa = PBXBuildFile; fileRef = DD0752A9267E14660098EB81 /* DocOPDApp.swift */; };
		DD0752D4267E14690098EB81 /* ContentView.swift in Sources */ = {isa = PBXBuildFile; fileRef = DD0752AA267E14660098EB81 /* ContentView.swift */; };
		DD0752D5267E14690098EB81 /* ContentView.swift in Sources */ = {isa = PBXBuildFile; fileRef = DD0752AA267E14660098EB81 /* ContentView.swift */; };
		DD0752D6267E14690098EB81 /* Assets.xcassets in Resources */ = {isa = PBXBuildFile; fileRef = DD0752AB267E14690098EB81 /* Assets.xcassets */; };
		DD0752D7267E14690098EB81 /* Assets.xcassets in Resources */ = {isa = PBXBuildFile; fileRef = DD0752AB267E14690098EB81 /* Assets.xcassets */; };
/* End PBXBuildFile section */

/* Begin PBXContainerItemProxy section */
		DD0752C1267E14690098EB81 /* PBXContainerItemProxy */ = {
			isa = PBXContainerItemProxy;
			containerPortal = DD0752A4267E14650098EB81 /* Project object */;
			proxyType = 1;
			remoteGlobalIDString = DD0752AF267E14690098EB81;
			remoteInfo = "DocOPD (iOS)";
		};
		DD0752CC267E14690098EB81 /* PBXContainerItemProxy */ = {
			isa = PBXContainerItemProxy;
			containerPortal = DD0752A4267E14650098EB81 /* Project object */;
			proxyType = 1;
			remoteGlobalIDString = DD0752B7267E14690098EB81;
			remoteInfo = "DocOPD (macOS)";
		};
/* End PBXContainerItemProxy section */

/* Begin PBXFileReference section */
		DD0752A9267E14660098EB81 /* DocOPDApp.swift */ = {isa = PBXFileReference; lastKnownFileType = sourcecode.swift; path = DocOPDApp.swift; sourceTree = "<group>"; };
		DD0752AA267E14660098EB81 /* ContentView.swift */ = {isa = PBXFileReference; lastKnownFileType = sourcecode.swift; path = ContentView.swift; sourceTree = "<group>"; };
		DD0752AB267E14690098EB81 /* Assets.xcassets */ = {isa = PBXFileReference; lastKnownFileType = folder.assetcatalog; path = Assets.xcassets; sourceTree = "<group>"; };
		DD0752B0267E14690098EB81 /* DocOPD.app */ = {isa = PBXFileReference; explicitFileType = wrapper.application; includeInIndex = 0; path = DocOPD.app; sourceTree = BUILT_PRODUCTS_DIR; };
		DD0752B3267E14690098EB81 /* Info.plist */ = {isa = PBXFileReference; lastKnownFileType = text.plist.xml; path = Info.plist; sourceTree = "<group>"; };
		DD0752B8267E14690098EB81 /* DocOPD.app */ = {isa = PBXFileReference; explicitFileType = wrapper.application; includeInIndex = 0; path = DocOPD.app; sourceTree = BUILT_PRODUCTS_DIR; };
		DD0752C0267E14690098EB81 /* Tests iOS.xctest */ = {isa = PBXFileReference; explicitFileType = wrapper.cfbundle; includeInIndex = 0; path = "Tests iOS.xctest"; sourceTree = BUILT_PRODUCTS_DIR; };
		DD0752C4267E14690098EB81 /* Tests_iOS.swift */ = {isa = PBXFileReference; lastKnownFileType = sourcecode.swift; path = Tests_iOS.swift; sourceTree = "<group>"; };
		DD0752C6267E14690098EB81 /* Info.plist */ = {isa = PBXFileReference; lastKnownFileType = text.plist.xml; path = Info.plist; sourceTree = "<group>"; };
		DD0752CB267E14690098EB81 /* Tests macOS.xctest */ = {isa = PBXFileReference; explicitFileType = wrapper.cfbundle; includeInIndex = 0; path = "Tests macOS.xctest"; sourceTree = BUILT_PRODUCTS_DIR; };
/* End PBXFileReference section */

/* Begin PBXFrameworksBuildPhase section */
		DD0752AD267E14690098EB81 /* Frameworks */ = {
			isa = PBXFrameworksBuildPhase;
			buildActionMask = 2147483647;
			files = (
			);
			runOnlyForDeploymentPostprocessing = 0;
		};
		DD0752B5267E14690098EB81 /* Frameworks */ = {
			isa = PBXFrameworksBuildPhase;
			buildActionMask = 2147483647;
			files = (
			);
			runOnlyForDeploymentPostprocessing = 0;
		};
		DD0752BD267E14690098EB81 /* Frameworks */ = {
			isa = PBXFrameworksBuildPhase;
			buildActionMask = 2147483647;
			files = (
			);
			runOnlyForDeploymentPostprocessing = 0;
		};
		DD0752C8267E14690098EB81 /* Frameworks */ = {
			isa = PBXFrameworksBuildPhase;
			buildActionMask = 2147483647;
			files = (
			);
			runOnlyForDeploymentPostprocessing = 0;
		};
/* End PBXFrameworksBuildPhase section */

/* Begin PBXGroup section */
		DD0752A3267E14650098EB81 = {
			isa = PBXGroup;
			children = (
				DD0752A8267E14660098EB81 /* Shared */,
				DD0752B2267E14690098EB81 /* iOS */,
				DD0752C3267E14690098EB81 /* Tests iOS */,
				DD0752B1267E14690098EB81 /* Products */,
			);
			sourceTree = "<group>";
		};
		DD0752A8267E14660098EB81 /* Shared */ = {
			isa = PBXGroup;
			children = (
				DD0752A9267E14660098EB81 /* DocOPDApp.swift */,
				DD0752AA267E14660098EB81 /* ContentView.swift */,
				DD0752AB267E14690098EB81 /* Assets.xcassets */,
			);
			path = Shared;
			sourceTree = "<group>";
		};
		DD0752B1267E14690098EB81 /* Products */ = {
			isa = PBXGroup;
			children = (
				DD0752B0267E14690098EB81 /* DocOPD.app */,
				DD0752B8267E14690098EB81 /* DocOPD.app */,
				DD0752C0267E14690098EB81 /* Tests iOS.xctest */,
				DD0752CB267E14690098EB81 /* Tests macOS.xctest */,
			);
			name = Products;
			sourceTree = "<group>";
		};
		DD0752B2267E14690098EB81 /* iOS */ = {
			isa = PBXGroup;
			children = (
				DD0752B3267E14690098EB81 /* Info.plist */,
			);
			path = iOS;
			sourceTree = "<group>";
		};
		DD0752C3267E14690098EB81 /* Tests iOS */ = {
			isa = PBXGroup;
			children = (
				DD0752C4267E14690098EB81 /* Tests_iOS.swift */,
				DD0752C6267E14690098EB81 /* Info.plist */,
			);
			path = "Tests iOS";
			sourceTree = "<group>";
		};
/* End PBXGroup section */

/* Begin PBXNativeTarget section */
		DD0752AF267E14690098EB81 /* DocOPD (iOS) */ = {
			isa = PBXNativeTarget;
			buildConfigurationList = DD0752DA267E14690098EB81 /* Build configuration list for PBXNativeTarget "DocOPD (iOS)" */;
			buildPhases = (
				DD0752AC267E14690098EB81 /* Sources */,
				DD0752AD267E14690098EB81 /* Frameworks */,
				DD0752AE267E14690098EB81 /* Resources */,
			);
			buildRules = (
			);
			dependencies = (
			);
			name = "DocOPD (iOS)";
			productName = "DocOPD (iOS)";
			productReference = DD0752B0267E14690098EB81 /* DocOPD.app */;
			productType = "com.apple.product-type.application";
		};
		DD0752B7267E14690098EB81 /* DocOPD (macOS) */ = {
			isa = PBXNativeTarget;
			buildConfigurationList = DD0752DD267E14690098EB81 /* Build configuration list for PBXNativeTarget "DocOPD (macOS)" */;
			buildPhases = (
				DD0752B4267E14690098EB81 /* Sources */,
				DD0752B5267E14690098EB81 /* Frameworks */,
				DD0752B6267E14690098EB81 /* Resources */,
			);
			buildRules = (
			);
			dependencies = (
			);
			name = "DocOPD (macOS)";
			productName = "DocOPD (macOS)";
			productReference = DD0752B8267E14690098EB81 /* DocOPD.app */;
			productType = "com.apple.product-type.application";
		};
		DD0752BF267E14690098EB81 /* Tests iOS */ = {
			isa = PBXNativeTarget;
			buildConfigurationList = DD0752E0267E14690098EB81 /* Build configuration list for PBXNativeTarget "Tests iOS" */;
			buildPhases = (
				DD0752BC267E14690098EB81 /* Sources */,
				DD0752BD267E14690098EB81 /* Frameworks */,
				DD0752BE267E14690098EB81 /* Resources */,
			);
			buildRules = (
			);
			dependencies = (
				DD0752C2267E14690098EB81 /* PBXTargetDependency */,
			);
			name = "Tests iOS";
			productName = "Tests iOS";
			productReference = DD0752C0267E14690098EB81 /* Tests iOS.xctest */;
			productType = "com.apple.product-type.bundle.ui-testing";
		};
		DD0752CA267E14690098EB81 /* Tests macOS */ = {
			isa = PBXNativeTarget;
			buildConfigurationList = DD0752E3267E14690098EB81 /* Build configuration list for PBXNativeTarget "Tests macOS" */;
			buildPhases = (
				DD0752C7267E14690098EB81 /* Sources */,
				DD0752C8267E14690098EB81 /* Frameworks */,
				DD0752C9267E14690098EB81 /* Resources */,
			);
			buildRules = (
			);
			dependencies = (
				DD0752CD267E14690098EB81 /* PBXTargetDependency */,
			);
			name = "Tests macOS";
			productName = "Tests macOS";
			productReference = DD0752CB267E14690098EB81 /* Tests macOS.xctest */;
			productType = "com.apple.product-type.bundle.ui-testing";
		};
/* End PBXNativeTarget section */

/* Begin PBXProject section */
		DD0752A4267E14650098EB81 /* Project object */ = {
			isa = PBXProject;
			attributes = {
				LastSwiftUpdateCheck = 1240;
				LastUpgradeCheck = 1240;
				TargetAttributes = {
					DD0752AF267E14690098EB81 = {
						CreatedOnToolsVersion = 12.4;
					};
					DD0752B7267E14690098EB81 = {
						CreatedOnToolsVersion = 12.4;
					};
					DD0752BF267E14690098EB81 = {
						CreatedOnToolsVersion = 12.4;
						TestTargetID = DD0752AF267E14690098EB81;
					};
					DD0752CA267E14690098EB81 = {
						CreatedOnToolsVersion = 12.4;
						TestTargetID = DD0752B7267E14690098EB81;
					};
				};
			};
			buildConfigurationList = DD0752A7267E14650098EB81 /* Build configuration list for PBXProject "DocOPD" */;
			compatibilityVersion = "Xcode 9.3";
			developmentRegion = en;
			hasScannedForEncodings = 0;
			knownRegions = (
				en,
				Base,
			);
			mainGroup = DD0752A3267E14650098EB81;
			productRefGroup = DD0752B1267E14690098EB81 /* Products */;
			projectDirPath = "";
			projectRoot = "";
			targets = (
				DD0752AF267E14690098EB81 /* DocOPD (iOS) */,
				DD0752B7267E14690098EB81 /* DocOPD (macOS) */,
				DD0752BF267E14690098EB81 /* Tests iOS */,
				DD0752CA267E14690098EB81 /* Tests macOS */,
			);
		};
/* End PBXProject section */

/* Begin PBXResourcesBuildPhase section */
		DD0752AE267E14690098EB81 /* Resources */ = {
			isa = PBXResourcesBuildPhase;
			buildActionMask = 2147483647;
			files = (
				DD0752D6267E14690098EB81 /* Assets.xcassets in Resources */,
			);
			runOnlyForDeploymentPostprocessing = 0;
		};
		DD0752B6267E14690098EB81 /* Resources */ = {
			isa = PBXResourcesBuildPhase;
			buildActionMask = 2147483647;
			files = (
				DD0752D7267E14690098EB81 /* Assets.xcassets in Resources */,
			);
			runOnlyForDeploymentPostprocessing = 0;
		};
		DD0752BE267E14690098EB81 /* Resources */ = {
			isa = PBXResourcesBuildPhase;
			buildActionMask = 2147483647;
			files = (
			);
			runOnlyForDeploymentPostprocessing = 0;
		};
		DD0752C9267E14690098EB81 /* Resources */ = {
			isa = PBXResourcesBuildPhase;
			buildActionMask = 2147483647;
			files = (
			);
			runOnlyForDeploymentPostprocessing = 0;
		};
/* End PBXResourcesBuildPhase section */

/* Begin PBXSourcesBuildPhase section */
		DD0752AC267E14690098EB81 /* Sources */ = {
			isa = PBXSourcesBuildPhase;
			buildActionMask = 2147483647;
			files = (
				DD0752D4267E14690098EB81 /* ContentView.swift in Sources */,
				DD0752D2267E14690098EB81 /* DocOPDApp.swift in Sources */,
			);
			runOnlyForDeploymentPostprocessing = 0;
		};
		DD0752B4267E14690098EB81 /* Sources */ = {
			isa = PBXSourcesBuildPhase;
			buildActionMask = 2147483647;
			files = (
				DD0752D5267E14690098EB81 /* ContentView.swift in Sources */,
				DD0752D3267E14690098EB81 /* DocOPDApp.swift in Sources */,
			);
			runOnlyForDeploymentPostprocessing = 0;
		};
		DD0752BC267E14690098EB81 /* Sources */ = {
			isa = PBXSourcesBuildPhase;
			buildActionMask = 2147483647;
			files = (
				DD0752C5267E14690098EB81 /* Tests_iOS.swift in Sources */,
			);
			runOnlyForDeploymentPostprocessing = 0;
		};
		DD0752C7267E14690098EB81 /* Sources */ = {
			isa = PBXSourcesBuildPhase;
			buildActionMask = 2147483647;
			files = (
			);
			runOnlyForDeploymentPostprocessing = 0;
		};
/* End PBXSourcesBuildPhase section */

/* Begin PBXTargetDependency section */
		DD0752C2267E14690098EB81 /* PBXTargetDependency */ = {
			isa = PBXTargetDependency;
			target = DD0752AF267E14690098EB81 /* DocOPD (iOS) */;
			targetProxy = DD0752C1267E14690098EB81 /* PBXContainerItemProxy */;
		};
		DD0752CD267E14690098EB81 /* PBXTargetDependency */ = {
			isa = PBXTargetDependency;
			target = DD0752B7267E14690098EB81 /* DocOPD (macOS) */;
			targetProxy = DD0752CC267E14690098EB81 /* PBXContainerItemProxy */;
		};
/* End PBXTargetDependency section */

/* Begin XCBuildConfiguration section */
		DD0752D8267E14690098EB81 /* Debug */ = {
			isa = XCBuildConfiguration;
			buildSettings = {
				ALWAYS_SEARCH_USER_PATHS = NO;
				CLANG_ANALYZER_NONNULL = YES;
				CLANG_ANALYZER_NUMBER_OBJECT_CONVERSION = YES_AGGRESSIVE;
				CLANG_CXX_LANGUAGE_STANDARD = "gnu++14";
				CLANG_CXX_LIBRARY = "libc++";
				CLANG_ENABLE_MODULES = YES;
				CLANG_ENABLE_OBJC_ARC = YES;
				CLANG_ENABLE_OBJC_WEAK = YES;
				CLANG_WARN_BLOCK_CAPTURE_AUTORELEASING = YES;
				CLANG_WARN_BOOL_CONVERSION = YES;
				CLANG_WARN_COMMA = YES;
				CLANG_WARN_CONSTANT_CONVERSION = YES;
				CLANG_WARN_DEPRECATED_OBJC_IMPLEMENTATIONS = YES;
				CLANG_WARN_DIRECT_OBJC_ISA_USAGE = YES_ERROR;
				CLANG_WARN_DOCUMENTATION_COMMENTS = YES;
				CLANG_WARN_EMPTY_BODY = YES;
				CLANG_WARN_ENUM_CONVERSION = YES;
				CLANG_WARN_INFINITE_RECURSION = YES;
				CLANG_WARN_INT_CONVERSION = YES;
				CLANG_WARN_NON_LITERAL_NULL_CONVERSION = YES;
				CLANG_WARN_OBJC_IMPLICIT_RETAIN_SELF = YES;
				CLANG_WARN_OBJC_LITERAL_CONVERSION = YES;
				CLANG_WARN_OBJC_ROOT_CLASS = YES_ERROR;
				CLANG_WARN_QUOTED_INCLUDE_IN_FRAMEWORK_HEADER = YES;
				CLANG_WARN_RANGE_LOOP_ANALYSIS = YES;
				CLANG_WARN_STRICT_PROTOTYPES = YES;
				CLANG_WARN_SUSPICIOUS_MOVE = YES;
				CLANG_WARN_UNGUARDED_AVAILABILITY = YES_AGGRESSIVE;
				CLANG_WARN_UNREACHABLE_CODE = YES;
				CLANG_WARN__DUPLICATE_METHOD_MATCH = YES;
				COPY_PHASE_STRIP = NO;
				DEBUG_INFORMATION_FORMAT = dwarf;
				ENABLE_STRICT_OBJC_MSGSEND = YES;
				ENABLE_TESTABILITY = YES;
				GCC_C_LANGUAGE_STANDARD = gnu11;
				GCC_DYNAMIC_NO_PIC = NO;
				GCC_NO_COMMON_BLOCKS = YES;
				GCC_OPTIMIZATION_LEVEL = 0;
				GCC_PREPROCESSOR_DEFINITIONS = (
					"DEBUG=1",
					"$(inherited)",
				);
				GCC_WARN_64_TO_32_BIT_CONVERSION = YES;
				GCC_WARN_ABOUT_RETURN_TYPE = YES_ERROR;
				GCC_WARN_UNDECLARED_SELECTOR = YES;
				GCC_WARN_UNINITIALIZED_AUTOS = YES_AGGRESSIVE;
				GCC_WARN_UNUSED_FUNCTION = YES;
				GCC_WARN_UNUSED_VARIABLE = YES;
				MTL_ENABLE_DEBUG_INFO = INCLUDE_SOURCE;
				MTL_FAST_MATH = YES;
				ONLY_ACTIVE_ARCH = YES;
				SWIFT_ACTIVE_COMPILATION_CONDITIONS = DEBUG;
				SWIFT_OPTIMIZATION_LEVEL = "-Onone";
			};
			name = Debug;
		};
		DD0752D9267E14690098EB81 /* Release */ = {
			isa = XCBuildConfiguration;
			buildSettings = {
				ALWAYS_SEARCH_USER_PATHS = NO;
				CLANG_ANALYZER_NONNULL = YES;
				CLANG_ANALYZER_NUMBER_OBJECT_CONVERSION = YES_AGGRESSIVE;
				CLANG_CXX_LANGUAGE_STANDARD = "gnu++14";
				CLANG_CXX_LIBRARY = "libc++";
				CLANG_ENABLE_MODULES = YES;
				CLANG_ENABLE_OBJC_ARC = YES;
				CLANG_ENABLE_OBJC_WEAK = YES;
				CLANG_WARN_BLOCK_CAPTURE_AUTORELEASING = YES;
				CLANG_WARN_BOOL_CONVERSION = YES;
				CLANG_WARN_COMMA = YES;
				CLANG_WARN_CONSTANT_CONVERSION = YES;
				CLANG_WARN_DEPRECATED_OBJC_IMPLEMENTATIONS = YES;
				CLANG_WARN_DIRECT_OBJC_ISA_USAGE = YES_ERROR;
				CLANG_WARN_DOCUMENTATION_COMMENTS = YES;
				CLANG_WARN_EMPTY_BODY = YES;
				CLANG_WARN_ENUM_CONVERSION = YES;
				CLANG_WARN_INFINITE_RECURSION = YES;
				CLANG_WARN_INT_CONVERSION = YES;
				CLANG_WARN_NON_LITERAL_NULL_CONVERSION = YES;
				CLANG_WARN_OBJC_IMPLICIT_RETAIN_SELF = YES;
				CLANG_WARN_OBJC_LITERAL_CONVERSION = YES;
				CLANG_WARN_OBJC_ROOT_CLASS = YES_ERROR;
				CLANG_WARN_QUOTED_INCLUDE_IN_FRAMEWORK_HEADER = YES;
				CLANG_WARN_RANGE_LOOP_ANALYSIS = YES;
				CLANG_WARN_STRICT_PROTOTYPES = YES;
				CLANG_WARN_SUSPICIOUS_MOVE = YES;
				CLANG_WARN_UNGUARDED_AVAILABILITY = YES_AGGRESSIVE;
				CLANG_WARN_UNREACHABLE_CODE = YES;
				CLANG_WARN__DUPLICATE_METHOD_MATCH = YES;
				COPY_PHASE_STRIP = NO;
				DEBUG_INFORMATION_FORMAT = "dwarf-with-dsym";
				ENABLE_NS_ASSERTIONS = NO;
				ENABLE_STRICT_OBJC_MSGSEND = YES;
				GCC_C_LANGUAGE_STANDARD = gnu11;
				GCC_NO_COMMON_BLOCKS = YES;
				GCC_WARN_64_TO_32_BIT_CONVERSION = YES;
				GCC_WARN_ABOUT_RETURN_TYPE = YES_ERROR;
				GCC_WARN_UNDECLARED_SELECTOR = YES;
				GCC_WARN_UNINITIALIZED_AUTOS = YES_AGGRESSIVE;
				GCC_WARN_UNUSED_FUNCTION = YES;
				GCC_WARN_UNUSED_VARIABLE = YES;
				MTL_ENABLE_DEBUG_INFO = NO;
				MTL_FAST_MATH = YES;
				SWIFT_COMPILATION_MODE = wholemodule;
				SWIFT_OPTIMIZATION_LEVEL = "-O";
			};
			name = Release;
		};
		DD0752DB267E14690098EB81 /* Debug */ = {
			isa = XCBuildConfiguration;
			buildSettings = {
				ASSETCATALOG_COMPILER_APPICON_NAME = AppIcon;
				ASSETCATALOG_COMPILER_GLOBAL_ACCENT_COLOR_NAME = AccentColor;
				CODE_SIGN_STYLE = Automatic;
				ENABLE_PREVIEWS = YES;
				INFOPLIST_FILE = iOS/Info.plist;
				IPHONEOS_DEPLOYMENT_TARGET = 14.0;
				LD_RUNPATH_SEARCH_PATHS = (
					"$(inherited)",
					"@executable_path/Frameworks",
				);
				PRODUCT_BUNDLE_IDENTIFIER = DocOPD.DocOPD;
				PRODUCT_NAME = DocOPD;
				SDKROOT = iphoneos;
				SWIFT_VERSION = 5.0;
				TARGETED_DEVICE_FAMILY = "1,2";
			};
			name = Debug;
		};
		DD0752DC267E14690098EB81 /* Release */ = {
			isa = XCBuildConfiguration;
			buildSettings = {
				ASSETCATALOG_COMPILER_APPICON_NAME = AppIcon;
				ASSETCATALOG_COMPILER_GLOBAL_ACCENT_COLOR_NAME = AccentColor;
				CODE_SIGN_STYLE = Automatic;
				ENABLE_PREVIEWS = YES;
				INFOPLIST_FILE = iOS/Info.plist;
				IPHONEOS_DEPLOYMENT_TARGET = 14.0;
				LD_RUNPATH_SEARCH_PATHS = (
					"$(inherited)",
					"@executable_path/Frameworks",
				);
				PRODUCT_BUNDLE_IDENTIFIER = DocOPD.DocOPD;
				PRODUCT_NAME = DocOPD;
				SDKROOT = iphoneos;
				SWIFT_VERSION = 5.0;
				TARGETED_DEVICE_FAMILY = "1,2";
				VALIDATE_PRODUCT = YES;
			};
			name = Release;
		};
		DD0752DE267E14690098EB81 /* Debug */ = {
			isa = XCBuildConfiguration;
			buildSettings = {
				ASSETCATALOG_COMPILER_APPICON_NAME = AppIcon;
				ASSETCATALOG_COMPILER_GLOBAL_ACCENT_COLOR_NAME = AccentColor;
				CODE_SIGN_ENTITLEMENTS = macOS/macOS.entitlements;
				CODE_SIGN_STYLE = Automatic;
				COMBINE_HIDPI_IMAGES = YES;
				ENABLE_PREVIEWS = YES;
				INFOPLIST_FILE = macOS/Info.plist;
				LD_RUNPATH_SEARCH_PATHS = (
					"$(inherited)",
					"@executable_path/../Frameworks",
				);
				MACOSX_DEPLOYMENT_TARGET = 11.0;
				PRODUCT_BUNDLE_IDENTIFIER = DocOPD.DocOPD;
				PRODUCT_NAME = DocOPD;
				SDKROOT = macosx;
				SWIFT_VERSION = 5.0;
			};
			name = Debug;
		};
		DD0752DF267E14690098EB81 /* Release */ = {
			isa = XCBuildConfiguration;
			buildSettings = {
				ASSETCATALOG_COMPILER_APPICON_NAME = AppIcon;
				ASSETCATALOG_COMPILER_GLOBAL_ACCENT_COLOR_NAME = AccentColor;
				CODE_SIGN_ENTITLEMENTS = macOS/macOS.entitlements;
				CODE_SIGN_STYLE = Automatic;
				COMBINE_HIDPI_IMAGES = YES;
				ENABLE_PREVIEWS = YES;
				INFOPLIST_FILE = macOS/Info.plist;
				LD_RUNPATH_SEARCH_PATHS = (
					"$(inherited)",
					"@executable_path/../Frameworks",
				);
				MACOSX_DEPLOYMENT_TARGET = 11.0;
				PRODUCT_BUNDLE_IDENTIFIER = DocOPD.DocOPD;
				PRODUCT_NAME = DocOPD;
				SDKROOT = macosx;
				SWIFT_VERSION = 5.0;
			};
			name = Release;
		};
		DD0752E1267E14690098EB81 /* Debug */ = {
			isa = XCBuildConfiguration;
			buildSettings = {
				ALWAYS_EMBED_SWIFT_STANDARD_LIBRARIES = YES;
				CODE_SIGN_STYLE = Automatic;
				INFOPLIST_FILE = "Tests iOS/Info.plist";
				IPHONEOS_DEPLOYMENT_TARGET = 14.4;
				LD_RUNPATH_SEARCH_PATHS = (
					"$(inherited)",
					"@executable_path/Frameworks",
					"@loader_path/Frameworks",
				);
				PRODUCT_BUNDLE_IDENTIFIER = "DocOPD.Tests-iOS";
				PRODUCT_NAME = "$(TARGET_NAME)";
				SDKROOT = iphoneos;
				SWIFT_VERSION = 5.0;
				TARGETED_DEVICE_FAMILY = "1,2";
				TEST_TARGET_NAME = "DocOPD (iOS)";
			};
			name = Debug;
		};
		DD0752E2267E14690098EB81 /* Release */ = {
			isa = XCBuildConfiguration;
			buildSettings = {
				ALWAYS_EMBED_SWIFT_STANDARD_LIBRARIES = YES;
				CODE_SIGN_STYLE = Automatic;
				INFOPLIST_FILE = "Tests iOS/Info.plist";
				IPHONEOS_DEPLOYMENT_TARGET = 14.4;
				LD_RUNPATH_SEARCH_PATHS = (
					"$(inherited)",
					"@executable_path/Frameworks",
					"@loader_path/Frameworks",
				);
				PRODUCT_BUNDLE_IDENTIFIER = "DocOPD.Tests-iOS";
				PRODUCT_NAME = "$(TARGET_NAME)";
				SDKROOT = iphoneos;
				SWIFT_VERSION = 5.0;
				TARGETED_DEVICE_FAMILY = "1,2";
				TEST_TARGET_NAME = "DocOPD (iOS)";
				VALIDATE_PRODUCT = YES;
			};
			name = Release;
		};
		DD0752E4267E14690098EB81 /* Debug */ = {
			isa = XCBuildConfiguration;
			buildSettings = {
				ALWAYS_EMBED_SWIFT_STANDARD_LIBRARIES = YES;
				CODE_SIGN_STYLE = Automatic;
				COMBINE_HIDPI_IMAGES = YES;
				INFOPLIST_FILE = "Tests macOS/Info.plist";
				LD_RUNPATH_SEARCH_PATHS = (
					"$(inherited)",
					"@executable_path/../Frameworks",
					"@loader_path/../Frameworks",
				);
				MACOSX_DEPLOYMENT_TARGET = 10.15;
				PRODUCT_BUNDLE_IDENTIFIER = "DocOPD.Tests-macOS";
				PRODUCT_NAME = "$(TARGET_NAME)";
				SDKROOT = macosx;
				SWIFT_VERSION = 5.0;
				TEST_TARGET_NAME = "DocOPD (macOS)";
			};
			name = Debug;
		};
		DD0752E5267E14690098EB81 /* Release */ = {
			isa = XCBuildConfiguration;
			buildSettings = {
				ALWAYS_EMBED_SWIFT_STANDARD_LIBRARIES = YES;
				CODE_SIGN_STYLE = Automatic;
				COMBINE_HIDPI_IMAGES = YES;
				INFOPLIST_FILE = "Tests macOS/Info.plist";
				LD_RUNPATH_SEARCH_PATHS = (
					"$(inherited)",
					"@executable_path/../Frameworks",
					"@loader_path/../Frameworks",
				);
				MACOSX_DEPLOYMENT_TARGET = 10.15;
				PRODUCT_BUNDLE_IDENTIFIER = "DocOPD.Tests-macOS";
				PRODUCT_NAME = "$(TARGET_NAME)";
				SDKROOT = macosx;
				SWIFT_VERSION = 5.0;
				TEST_TARGET_NAME = "DocOPD (macOS)";
			};
			name = Release;
		};
/* End XCBuildConfiguration section */

/* Begin XCConfigurationList section */
		DD0752A7267E14650098EB81 /* Build configuration list for PBXProject "DocOPD" */ = {
			isa = XCConfigurationList;
			buildConfigurations = (
				DD0752D8267E14690098EB81 /* Debug */,
				DD0752D9267E14690098EB81 /* Release */,
			);
			defaultConfigurationIsVisible = 0;
			defaultConfigurationName = Release;
		};
		DD0752DA267E14690098EB81 /* Build configuration list for PBXNativeTarget "DocOPD (iOS)" */ = {
			isa = XCConfigurationList;
			buildConfigurations = (
				DD0752DB267E14690098EB81 /* Debug */,
				DD0752DC267E14690098EB81 /* Release */,
			);
			defaultConfigurationIsVisible = 0;
			defaultConfigurationName = Release;
		};
		DD0752DD267E14690098EB81 /* Build configuration list for PBXNativeTarget "DocOPD (macOS)" */ = {
			isa = XCConfigurationList;
			buildConfigurations = (
				DD0752DE267E14690098EB81 /* Debug */,
				DD0752DF267E14690098EB81 /* Release */,
			);
			defaultConfigurationIsVisible = 0;
			defaultConfigurationName = Release;
		};
		DD0752E0267E14690098EB81 /* Build configuration list for PBXNativeTarget "Tests iOS" */ = {
			isa = XCConfigurationList;
			buildConfigurations = (
				DD0752E1267E14690098EB81 /* Debug */,
				DD0752E2267E14690098EB81 /* Release */,
			);
			defaultConfigurationIsVisible = 0;
			defaultConfigurationName = Release;
		};
		DD0752E3267E14690098EB81 /* Build configuration list for PBXNativeTarget "Tests macOS" */ = {
			isa = XCConfigurationList;
			buildConfigurations = (
				DD0752E4267E14690098EB81 /* Debug */,
				DD0752E5267E14690098EB81 /* Release */,
			);
			defaultConfigurationIsVisible = 0;
			defaultConfigurationName = Release;
		};
/* End XCConfigurationList section */
	};
	rootObject = DD0752A4267E14650098EB81 /* Project object */;
}
